
Microsoft Visual Studio Solution File, Format Version 12.00
# Visual Studio Version 17
VisualStudioVersion = 17.0.31903.59
MinimumVisualStudioVersion = 10.0.40219.1
Project("{2150E333-8FDC-42A3-9474-1A3956D46DE8}") = "Core", "Core", "{6A919EB8-5F60-4C85-BB51-96A9FF2F641D}"
EndProject
Project("{FAE04EC0-301F-11D3-BF4B-00C04F79EFBC}") = "ARCAERP.Domain", "Core\Domain\ARCAERP.Domain.csproj", "{19E9E31E-CCE6-4CA6-9974-B004AE5249AF}"
EndProject
Project("{FAE04EC0-301F-11D3-BF4B-00C04F79EFBC}") = "ARCAERP.Application", "Core\Application\ARCAERP.Application.csproj", "{2543A81D-A6F5-47BF-9050-80145BEA6FB1}"
EndProject
Project("{FAE04EC0-301F-11D3-BF4B-00C04F79EFBC}") = "ARCAERP.Infrastructure", "Infrastructure\ARCAERP.Infrastructure.csproj", "{1514C736-4698-4F54-BA64-CB54A51EF4D7}"
EndProject
Project("{FAE04EC0-301F-11D3-BF4B-00C04F79EFBC}") = "ARCAERP.Presentation", "Presentation\ARCAERP.Presentation.csproj", "{23713041-843F-4E1B-8D7B-00B8B81FC663}"
EndProject
Global
	GlobalSection(SolutionConfigurationPlatforms) = preSolution
		Debug|Any CPU = Debug|Any CPU
		Release|Any CPU = Release|Any CPU
	EndGlobalSection
	GlobalSection(SolutionProperties) = preSolution
		HideSolutionNode = FALSE
	EndGlobalSection
	GlobalSection(ProjectConfigurationPlatforms) = postSolution
		{19E9E31E-CCE6-4CA6-9974-B004AE5249AF}.Debug|Any CPU.ActiveCfg = Debug|Any CPU
		{19E9E31E-CCE6-4CA6-9974-B004AE5249AF}.Debug|Any CPU.Build.0 = Debug|Any CPU
		{19E9E31E-CCE6-4CA6-9974-B004AE5249AF}.Release|Any CPU.ActiveCfg = Release|Any CPU
		{19E9E31E-CCE6-4CA6-9974-B004AE5249AF}.Release|Any CPU.Build.0 = Release|Any CPU
		{2543A81D-A6F5-47BF-9050-80145BEA6FB1}.Debug|Any CPU.ActiveCfg = Debug|Any CPU
		{2543A81D-A6F5-47BF-9050-80145BEA6FB1}.Debug|Any CPU.Build.0 = Debug|Any CPU
		{2543A81D-A6F5-47BF-9050-80145BEA6FB1}.Release|Any CPU.ActiveCfg = Release|Any CPU
		{2543A81D-A6F5-47BF-9050-80145BEA6FB1}.Release|Any CPU.Build.0 = Release|Any CPU
		{1514C736-4698-4F54-BA64-CB54A51EF4D7}.Debug|Any CPU.ActiveCfg = Debug|Any CPU
		{1514C736-4698-4F54-BA64-CB54A51EF4D7}.Debug|Any CPU.Build.0 = Debug|Any CPU
		{1514C736-4698-4F54-BA64-CB54A51EF4D7}.Release|Any CPU.ActiveCfg = Release|Any CPU
		{1514C736-4698-4F54-BA64-CB54A51EF4D7}.Release|Any CPU.Build.0 = Release|Any CPU
		{23713041-843F-4E1B-8D7B-00B8B81FC663}.Debug|Any CPU.ActiveCfg = Debug|Any CPU
		{23713041-843F-4E1B-8D7B-00B8B81FC663}.Debug|Any CPU.Build.0 = Debug|Any CPU
		{23713041-843F-4E1B-8D7B-00B8B81FC663}.Release|Any CPU.ActiveCfg = Release|Any CPU
		{23713041-843F-4E1B-8D7B-00B8B81FC663}.Release|Any CPU.Build.0 = Release|Any CPU
	EndGlobalSection
	GlobalSection(NestedProjects) = preSolution
		{19E9E31E-CCE6-4CA6-9974-B004AE5249AF} = {6A919EB8-5F60-4C85-BB51-96A9FF2F641D}
		{2543A81D-A6F5-47BF-9050-80145BEA6FB1} = {6A919EB8-5F60-4C85-BB51-96A9FF2F641D}
	EndGlobalSection
EndGlobal
